{
  "name": "app-params",
  "version": "1.0.0",
  "lockfileVersion": 3,
  "requires": true,
  "packages": {
    "": {
      "name": "app-params",
      "version": "1.0.0",
      "license": "MIT",
      "dependencies": {
        "@j_moleiro/multicolor": "^1.0.0"
      }
    },
    "node_modules/@j_moleiro/multicolor": {
      "version": "1.0.0",
      "resolved": "https://registry.npmjs.org/@j_moleiro/multicolor/-/multicolor-1.0.0.tgz",
      "integrity": "sha512-4rSqg+cU96BzsP5WhdMyYbM4T0dxp0dO6KPac6kg7u2q7XrBKy03jXPxBtgFxOleLYov3pettmlpo7y/Np8PxQ==",
      "license": "MIT"
    }
  }
}
